
Microsoft Visual Studio Solution File, Format Version 12.00
Project("{FAE04EC0-301F-11D3-BF4B-00C04F79EFBC}") = "FancyWithConsoleIO", "FancyWithConsoleIO\FancyWithConsoleIO.csproj", "{482E51EC-1DBE-4793-A035-B27FD478AE32}"
EndProject
Global
	GlobalSection(SolutionConfigurationPlatforms) = preSolution
		Debug|Any CPU = Debug|Any CPU
		Release|Any CPU = Release|Any CPU
	EndGlobalSection
	GlobalSection(ProjectConfigurationPlatforms) = postSolution
		{482E51EC-1DBE-4793-A035-B27FD478AE32}.Debug|Any CPU.ActiveCfg = Debug|Any CPU
		{482E51EC-1DBE-4793-A035-B27FD478AE32}.Debug|Any CPU.Build.0 = Debug|Any CPU
		{482E51EC-1DBE-4793-A035-B27FD478AE32}.Release|Any CPU.ActiveCfg = Release|Any CPU
		{482E51EC-1DBE-4793-A035-B27FD478AE32}.Release|Any CPU.Build.0 = Release|Any CPU
	EndGlobalSection
EndGlobal
